
Microsoft Visual Studio Solution File, Format Version 12.00
# Visual Studio Version 17
VisualStudioVersion = 17.1.31911.260
MinimumVisualStudioVersion = 10.0.40219.1
Project("{9A19103F-16F7-4668-BE54-9A1E7A4F7556}") = "DefaultExtension", "DefaultExtension\DefaultExtension.csproj", "{3EEA0AA2-79B2-41C2-AAA9-6D630BD75B22}"
EndProject
Global
	GlobalSection(SolutionConfigurationPlatforms) = preSolution
		Debug|Any CPU = Debug|Any CPU
		Release|Any CPU = Release|Any CPU
	EndGlobalSection
	GlobalSection(ProjectConfigurationPlatforms) = postSolution
		{3EEA0AA2-79B2-41C2-AAA9-6D630BD75B22}.Debug|Any CPU.ActiveCfg = Debug|Any CPU
		{3EEA0AA2-79B2-41C2-AAA9-6D630BD75B22}.Debug|Any CPU.Build.0 = Debug|Any CPU
		{3EEA0AA2-79B2-41C2-AAA9-6D630BD75B22}.Release|Any CPU.ActiveCfg = Release|Any CPU
		{3EEA0AA2-79B2-41C2-AAA9-6D630BD75B22}.Release|Any CPU.Build.0 = Release|Any CPU
	EndGlobalSection
	GlobalSection(SolutionProperties) = preSolution
		HideSolutionNode = FALSE
	EndGlobalSection
	GlobalSection(ExtensibilityGlobals) = postSolution
		SolutionGuid = {C8D6EECB-A7FD-4BCB-98E3-B662EEC378B5}
	EndGlobalSection
EndGlobal
